// !$*UTF8*$!
{
	archiveVersion = 1;
	classes = {
	};
	objectVersion = 46;
	objects = {

/* Begin PBXBuildFile section */
		BA14C6971D6C274900686F3E /* DDService+Network.m in Sources */ = {isa = PBXBuildFile; fileRef = BA14C6961D6C274900686F3E /* DDService+Network.m */; };
		BA59B9611B1F027000EBB7BE /* main.m in Sources */ = {isa = PBXBuildFile; fileRef = BA59B9601B1F027000EBB7BE /* main.m */; };
		BA59B9641B1F027000EBB7BE /* AppDelegate.m in Sources */ = {isa = PBXBuildFile; fileRef = BA59B9631B1F027000EBB7BE /* AppDelegate.m */; };
		BA59B96A1B1F027000EBB7BE /* Main.storyboard in Resources */ = {isa = PBXBuildFile; fileRef = BA59B9681B1F027000EBB7BE /* Main.storyboard */; };
		BA59B96F1B1F027000EBB7BE /* LaunchScreen.xib in Resources */ = {isa = PBXBuildFile; fileRef = BA59B96D1B1F027000EBB7BE /* LaunchScreen.xib */; };
		BA59B9891B1F02AB00EBB7BE /* DDService.m in Sources */ = {isa = PBXBuildFile; fileRef = BA59B9861B1F02AB00EBB7BE /* DDService.m */; };
		BA59B9921B1F02D900EBB7BE /* DDServiceVC.m in Sources */ = {isa = PBXBuildFile; fileRef = BA59B98D1B1F02D900EBB7BE /* DDServiceVC.m */; };
		BA59B9931B1F02D900EBB7BE /* DDTestService.m in Sources */ = {isa = PBXBuildFile; fileRef = BA59B98F1B1F02D900EBB7BE /* DDTestService.m */; };
		BA59B9941B1F02D900EBB7BE /* DDTestServiceVC.m in Sources */ = {isa = PBXBuildFile; fileRef = BA59B9911B1F02D900EBB7BE /* DDTestServiceVC.m */; };
/* End PBXBuildFile section */

/* Begin PBXFileReference section */
		BA14C6951D6C274900686F3E /* DDService+Network.h */ = {isa = PBXFileReference; fileEncoding = 4; lastKnownFileType = sourcecode.c.h; path = "DDService+Network.h"; sourceTree = "<group>"; };
		BA14C6961D6C274900686F3E /* DDService+Network.m */ = {isa = PBXFileReference; fileEncoding = 4; lastKnownFileType = sourcecode.c.objc; path = "DDService+Network.m"; sourceTree = "<group>"; };
		BA59B95B1B1F027000EBB7BE /* DDServiceDemo.app */ = {isa = PBXFileReference; explicitFileType = wrapper.application; includeInIndex = 0; path = DDServiceDemo.app; sourceTree = BUILT_PRODUCTS_DIR; };
		BA59B95F1B1F027000EBB7BE /* Info.plist */ = {isa = PBXFileReference; lastKnownFileType = text.plist.xml; path = Info.plist; sourceTree = "<group>"; };
		BA59B9601B1F027000EBB7BE /* main.m */ = {isa = PBXFileReference; lastKnownFileType = sourcecode.c.objc; path = main.m; sourceTree = "<group>"; };
		BA59B9621B1F027000EBB7BE /* AppDelegate.h */ = {isa = PBXFileReference; lastKnownFileType = sourcecode.c.h; path = AppDelegate.h; sourceTree = "<group>"; };
		BA59B9631B1F027000EBB7BE /* AppDelegate.m */ = {isa = PBXFileReference; lastKnownFileType = sourcecode.c.objc; path = AppDelegate.m; sourceTree = "<group>"; };
		BA59B9691B1F027000EBB7BE /* Base */ = {isa = PBXFileReference; lastKnownFileType = file.storyboard; name = Base; path = Base.lproj/Main.storyboard; sourceTree = "<group>"; };
		BA59B96E1B1F027000EBB7BE /* Base */ = {isa = PBXFileReference; lastKnownFileType = file.xib; name = Base; path = Base.lproj/LaunchScreen.xib; sourceTree = "<group>"; };
		BA59B9851B1F02AB00EBB7BE /* DDService.h */ = {isa = PBXFileReference; fileEncoding = 4; lastKnownFileType = sourcecode.c.h; path = DDService.h; sourceTree = "<group>"; };
		BA59B9861B1F02AB00EBB7BE /* DDService.m */ = {isa = PBXFileReference; fileEncoding = 4; lastKnownFileType = sourcecode.c.objc; path = DDService.m; sourceTree = "<group>"; };
		BA59B98C1B1F02D900EBB7BE /* DDServiceVC.h */ = {isa = PBXFileReference; fileEncoding = 4; lastKnownFileType = sourcecode.c.h; path = DDServiceVC.h; sourceTree = "<group>"; };
		BA59B98D1B1F02D900EBB7BE /* DDServiceVC.m */ = {isa = PBXFileReference; fileEncoding = 4; lastKnownFileType = sourcecode.c.objc; path = DDServiceVC.m; sourceTree = "<group>"; };
		BA59B98E1B1F02D900EBB7BE /* DDTestService.h */ = {isa = PBXFileReference; fileEncoding = 4; lastKnownFileType = sourcecode.c.h; path = DDTestService.h; sourceTree = "<group>"; };
		BA59B98F1B1F02D900EBB7BE /* DDTestService.m */ = {isa = PBXFileReference; fileEncoding = 4; lastKnownFileType = sourcecode.c.objc; path = DDTestService.m; sourceTree = "<group>"; };
		BA59B9901B1F02D900EBB7BE /* DDTestServiceVC.h */ = {isa = PBXFileReference; fileEncoding = 4; lastKnownFileType = sourcecode.c.h; path = DDTestServiceVC.h; sourceTree = "<group>"; };
		BA59B9911B1F02D900EBB7BE /* DDTestServiceVC.m */ = {isa = PBXFileReference; fileEncoding = 4; lastKnownFileType = sourcecode.c.objc; path = DDTestServiceVC.m; sourceTree = "<group>"; };
/* End PBXFileReference section */

/* Begin PBXFrameworksBuildPhase section */
		BA59B9581B1F027000EBB7BE /* Frameworks */ = {
			isa = PBXFrameworksBuildPhase;
			buildActionMask = 2147483647;
			files = (
			);
			runOnlyForDeploymentPostprocessing = 0;
		};
/* End PBXFrameworksBuildPhase section */

/* Begin PBXGroup section */
		BA59B9521B1F027000EBB7BE = {
			isa = PBXGroup;
			children = (
				BA59B95D1B1F027000EBB7BE /* DDServiceDemo */,
				BA59B95C1B1F027000EBB7BE /* Products */,
			);
			sourceTree = "<group>";
		};
		BA59B95C1B1F027000EBB7BE /* Products */ = {
			isa = PBXGroup;
			children = (
				BA59B95B1B1F027000EBB7BE /* DDServiceDemo.app */,
			);
			name = Products;
			sourceTree = "<group>";
		};
		BA59B95D1B1F027000EBB7BE /* DDServiceDemo */ = {
			isa = PBXGroup;
			children = (
				BA59B9841B1F02AB00EBB7BE /* DDService */,
				BA59B98B1B1F02D900EBB7BE /* Classes */,
				BA59B9621B1F027000EBB7BE /* AppDelegate.h */,
				BA59B9631B1F027000EBB7BE /* AppDelegate.m */,
				BA59B9681B1F027000EBB7BE /* Main.storyboard */,
				BA59B96D1B1F027000EBB7BE /* LaunchScreen.xib */,
				BA59B95E1B1F027000EBB7BE /* Supporting Files */,
			);
			path = DDServiceDemo;
			sourceTree = "<group>";
		};
		BA59B95E1B1F027000EBB7BE /* Supporting Files */ = {
			isa = PBXGroup;
			children = (
				BA59B95F1B1F027000EBB7BE /* Info.plist */,
				BA59B9601B1F027000EBB7BE /* main.m */,
			);
			name = "Supporting Files";
			sourceTree = "<group>";
		};
		BA59B9841B1F02AB00EBB7BE /* DDService */ = {
			isa = PBXGroup;
			children = (
				BA59B9851B1F02AB00EBB7BE /* DDService.h */,
				BA59B9861B1F02AB00EBB7BE /* DDService.m */,
				BA14C6951D6C274900686F3E /* DDService+Network.h */,
				BA14C6961D6C274900686F3E /* DDService+Network.m */,
			);
			path = DDService;
			sourceTree = SOURCE_ROOT;
		};
		BA59B98B1B1F02D900EBB7BE /* Classes */ = {
			isa = PBXGroup;
			children = (
				BA59B98E1B1F02D900EBB7BE /* DDTestService.h */,
				BA59B98F1B1F02D900EBB7BE /* DDTestService.m */,
				BA59B98C1B1F02D900EBB7BE /* DDServiceVC.h */,
				BA59B98D1B1F02D900EBB7BE /* DDServiceVC.m */,
				BA59B9901B1F02D900EBB7BE /* DDTestServiceVC.h */,
				BA59B9911B1F02D900EBB7BE /* DDTestServiceVC.m */,
			);
			path = Classes;
			sourceTree = "<group>";
		};
/* End PBXGroup section */

/* Begin PBXNativeTarget section */
		BA59B95A1B1F027000EBB7BE /* DDServiceDemo */ = {
			isa = PBXNativeTarget;
			buildConfigurationList = BA59B97E1B1F027000EBB7BE /* Build configuration list for PBXNativeTarget "DDServiceDemo" */;
			buildPhases = (
				BA59B9571B1F027000EBB7BE /* Sources */,
				BA59B9581B1F027000EBB7BE /* Frameworks */,
				BA59B9591B1F027000EBB7BE /* Resources */,
			);
			buildRules = (
			);
			dependencies = (
			);
			name = DDServiceDemo;
			productName = DDServiceDemo;
			productReference = BA59B95B1B1F027000EBB7BE /* DDServiceDemo.app */;
			productType = "com.apple.product-type.application";
		};
/* End PBXNativeTarget section */

/* Begin PBXProject section */
		BA59B9531B1F027000EBB7BE /* Project object */ = {
			isa = PBXProject;
			attributes = {
				LastUpgradeCheck = 0730;
				ORGANIZATIONNAME = panda;
				TargetAttributes = {
					BA59B95A1B1F027000EBB7BE = {
						CreatedOnToolsVersion = 6.3.2;
					};
				};
			};
			buildConfigurationList = BA59B9561B1F027000EBB7BE /* Build configuration list for PBXProject "DDServiceDemo" */;
			compatibilityVersion = "Xcode 3.2";
			developmentRegion = English;
			hasScannedForEncodings = 0;
			knownRegions = (
				en,
				Base,
			);
			mainGroup = BA59B9521B1F027000EBB7BE;
			productRefGroup = BA59B95C1B1F027000EBB7BE /* Products */;
			projectDirPath = "";
			projectRoot = "";
			targets = (
				BA59B95A1B1F027000EBB7BE /* DDServiceDemo */,
			);
		};
/* End PBXProject section */

/* Begin PBXResourcesBuildPhase section */
		BA59B9591B1F027000EBB7BE /* Resources */ = {
			isa = PBXResourcesBuildPhase;
			buildActionMask = 2147483647;
			files = (
				BA59B96A1B1F027000EBB7BE /* Main.storyboard in Resources */,
				BA59B96F1B1F027000EBB7BE /* LaunchScreen.xib in Resources */,
			);
			runOnlyForDeploymentPostprocessing = 0;
		};
/* End PBXResourcesBuildPhase section */

/* Begin PBXSourcesBuildPhase section */
		BA59B9571B1F027000EBB7BE /* Sources */ = {
			isa = PBXSourcesBuildPhase;
			buildActionMask = 2147483647;
			files = (
				BA59B9891B1F02AB00EBB7BE /* DDService.m in Sources */,
				BA59B9941B1F02D900EBB7BE /* DDTestServiceVC.m in Sources */,
				BA59B9641B1F027000EBB7BE /* AppDelegate.m in Sources */,
				BA14C6971D6C274900686F3E /* DDService+Network.m in Sources */,
				BA59B9931B1F02D900EBB7BE /* DDTestService.m in Sources */,
				BA59B9611B1F027000EBB7BE /* main.m in Sources */,
				BA59B9921B1F02D900EBB7BE /* DDServiceVC.m in Sources */,
			);
			runOnlyForDeploymentPostprocessing = 0;
		};
/* End PBXSourcesBuildPhase section */

/* Begin PBXVariantGroup section */
		BA59B9681B1F027000EBB7BE /* Main.storyboard */ = {
			isa = PBXVariantGroup;
			children = (
				BA59B9691B1F027000EBB7BE /* Base */,
			);
			name = Main.storyboard;
			sourceTree = "<group>";
		};
		BA59B96D1B1F027000EBB7BE /* LaunchScreen.xib */ = {
			isa = PBXVariantGroup;
			children = (
				BA59B96E1B1F027000EBB7BE /* Base */,
			);
			name = LaunchScreen.xib;
			sourceTree = "<group>";
		};
/* End PBXVariantGroup section */

/* Begin XCBuildConfiguration section */
		BA59B97C1B1F027000EBB7BE /* Debug */ = {
			isa = XCBuildConfiguration;
			buildSettings = {
				ALWAYS_SEARCH_USER_PATHS = NO;
				CLANG_CXX_LANGUAGE_STANDARD = "gnu++0x";
				CLANG_CXX_LIBRARY = "libc++";
				CLANG_ENABLE_MODULES = YES;
				CLANG_ENABLE_OBJC_ARC = YES;
				CLANG_WARN_BOOL_CONVERSION = YES;
				CLANG_WARN_CONSTANT_CONVERSION = YES;
				CLANG_WARN_DIRECT_OBJC_ISA_USAGE = YES_ERROR;
				CLANG_WARN_EMPTY_BODY = YES;
				CLANG_WARN_ENUM_CONVERSION = YES;
				CLANG_WARN_INT_CONVERSION = YES;
				CLANG_WARN_OBJC_ROOT_CLASS = YES_ERROR;
				CLANG_WARN_UNREACHABLE_CODE = YES;
				CLANG_WARN__DUPLICATE_METHOD_MATCH = YES;
				"CODE_SIGN_IDENTITY[sdk=iphoneos*]" = "iPhone Developer";
				COPY_PHASE_STRIP = NO;
				DEBUG_INFORMATION_FORMAT = "dwarf-with-dsym";
				ENABLE_STRICT_OBJC_MSGSEND = YES;
				ENABLE_TESTABILITY = YES;
				GCC_C_LANGUAGE_STANDARD = gnu99;
				GCC_DYNAMIC_NO_PIC = NO;
				GCC_NO_COMMON_BLOCKS = YES;
				GCC_OPTIMIZATION_LEVEL = 0;
				GCC_PREPROCESSOR_DEFINITIONS = (
					"DEBUG=1",
					"$(inherited)",
				);
				GCC_SYMBOLS_PRIVATE_EXTERN = NO;
				GCC_WARN_64_TO_32_BIT_CONVERSION = YES;
				GCC_WARN_ABOUT_RETURN_TYPE = YES_ERROR;
				GCC_WARN_UNDECLARED_SELECTOR = YES;
				GCC_WARN_UNINITIALIZED_AUTOS = YES_AGGRESSIVE;
				GCC_WARN_UNUSED_FUNCTION = YES;
				GCC_WARN_UNUSED_VARIABLE = YES;
				IPHONEOS_DEPLOYMENT_TARGET = 8.3;
				MTL_ENABLE_DEBUG_INFO = YES;
				ONLY_ACTIVE_ARCH = YES;
				SDKROOT = iphoneos;
			};
			name = Debug;
		};
		BA59B97D1B1F027000EBB7BE /* Release */ = {
			isa = XCBuildConfiguration;
			buildSettings = {
				ALWAYS_SEARCH_USER_PATHS = NO;
				CLANG_CXX_LANGUAGE_STANDARD = "gnu++0x";
				CLANG_CXX_LIBRARY = "libc++";
				CLANG_ENABLE_MODULES = YES;
				CLANG_ENABLE_OBJC_ARC = YES;
				CLANG_WARN_BOOL_CONVERSION = YES;
				CLANG_WARN_CONSTANT_CONVERSION = YES;
				CLANG_WARN_DIRECT_OBJC_ISA_USAGE = YES_ERROR;
				CLANG_WARN_EMPTY_BODY = YES;
				CLANG_WARN_ENUM_CONVERSION = YES;
				CLANG_WARN_INT_CONVERSION = YES;
				CLANG_WARN_OBJC_ROOT_CLASS = YES_ERROR;
				CLANG_WARN_UNREACHABLE_CODE = YES;
				CLANG_WARN__DUPLICATE_METHOD_MATCH = YES;
				"CODE_SIGN_IDENTITY[sdk=iphoneos*]" = "iPhone Developer";
				COPY_PHASE_STRIP = NO;
				DEBUG_INFORMATION_FORMAT = "dwarf-with-dsym";
				ENABLE_NS_ASSERTIONS = NO;
				ENABLE_STRICT_OBJC_MSGSEND = YES;
				GCC_C_LANGUAGE_STANDARD = gnu99;
				GCC_NO_COMMON_BLOCKS = YES;
				GCC_WARN_64_TO_32_BIT_CONVERSION = YES;
				GCC_WARN_ABOUT_RETURN_TYPE = YES_ERROR;
				GCC_WARN_UNDECLARED_SELECTOR = YES;
				GCC_WARN_UNINITIALIZED_AUTOS = YES_AGGRESSIVE;
				GCC_WARN_UNUSED_FUNCTION = YES;
				GCC_WARN_UNUSED_VARIABLE = YES;
				IPHONEOS_DEPLOYMENT_TARGET = 8.3;
				MTL_ENABLE_DEBUG_INFO = NO;
				SDKROOT = iphoneos;
				VALIDATE_PRODUCT = YES;
			};
			name = Release;
		};
		BA59B97F1B1F027000EBB7BE /* Debug */ = {
			isa = XCBuildConfiguration;
			buildSettings = {
				ASSETCATALOG_COMPILER_APPICON_NAME = AppIcon;
				ASSETCATALOG_COMPILER_LAUNCHIMAGE_NAME = "Brand Assets";
				INFOPLIST_FILE = DDServiceDemo/Info.plist;
				IPHONEOS_DEPLOYMENT_TARGET = 7.0;
				LD_RUNPATH_SEARCH_PATHS = "$(inherited) @executable_path/Frameworks";
				OTHER_CFLAGS = "-fobjc-arc-exceptions";
				PRODUCT_BUNDLE_IDENTIFIER = "place.$(PRODUCT_NAME:rfc1034identifier)";
				PRODUCT_NAME = "$(TARGET_NAME)";
			};
			name = Debug;
		};
		BA59B9801B1F027000EBB7BE /* Release */ = {
			isa = XCBuildConfiguration;
			buildSettings = {
				ASSETCATALOG_COMPILER_APPICON_NAME = AppIcon;
				ASSETCATALOG_COMPILER_LAUNCHIMAGE_NAME = "Brand Assets";
				INFOPLIST_FILE = DDServiceDemo/Info.plist;
				IPHONEOS_DEPLOYMENT_TARGET = 7.0;
				LD_RUNPATH_SEARCH_PATHS = "$(inherited) @executable_path/Frameworks";
				OTHER_CFLAGS = "-fobjc-arc-exceptions";
				PRODUCT_BUNDLE_IDENTIFIER = "place.$(PRODUCT_NAME:rfc1034identifier)";
				PRODUCT_NAME = "$(TARGET_NAME)";
			};
			name = Release;
		};
/* End XCBuildConfiguration section */

/* Begin XCConfigurationList section */
		BA59B9561B1F027000EBB7BE /* Build configuration list for PBXProject "DDServiceDemo" */ = {
			isa = XCConfigurationList;
			buildConfigurations = (
				BA59B97C1B1F027000EBB7BE /* Debug */,
				BA59B97D1B1F027000EBB7BE /* Release */,
			);
			defaultConfigurationIsVisible = 0;
			defaultConfigurationName = Release;
		};
		BA59B97E1B1F027000EBB7BE /* Build configuration list for PBXNativeTarget "DDServiceDemo" */ = {
			isa = XCConfigurationList;
			buildConfigurations = (
				BA59B97F1B1F027000EBB7BE /* Debug */,
				BA59B9801B1F027000EBB7BE /* Release */,
			);
			defaultConfigurationIsVisible = 0;
			defaultConfigurationName = Release;
		};
/* End XCConfigurationList section */
	};
	rootObject = BA59B9531B1F027000EBB7BE /* Project object */;
}
